
Microsoft Visual Studio Solution File, Format Version 12.00
# Visual Studio Version 17
VisualStudioVersion = 17.14.36408.4 d17.14
MinimumVisualStudioVersion = 10.0.40219.1
Project("{FAE04EC0-301F-11D3-BF4B-00C04F79EFBC}") = "Omni.Web", "Omni.Web\Omni.Web.csproj", "{B1ADE416-69CC-4A0B-BDBA-DA4BAA48554A}"
EndProject
Global
	GlobalSection(SolutionConfigurationPlatforms) = preSolution
		Debug|Any CPU = Debug|Any CPU
		Release|Any CPU = Release|Any CPU
	EndGlobalSection
	GlobalSection(ProjectConfigurationPlatforms) = postSolution
		{B1ADE416-69CC-4A0B-BDBA-DA4BAA48554A}.Debug|Any CPU.ActiveCfg = Debug|Any CPU
		{B1ADE416-69CC-4A0B-BDBA-DA4BAA48554A}.Debug|Any CPU.Build.0 = Debug|Any CPU
		{B1ADE416-69CC-4A0B-BDBA-DA4BAA48554A}.Release|Any CPU.ActiveCfg = Release|Any CPU
		{B1ADE416-69CC-4A0B-BDBA-DA4BAA48554A}.Release|Any CPU.Build.0 = Release|Any CPU
	EndGlobalSection
	GlobalSection(SolutionProperties) = preSolution
		HideSolutionNode = FALSE
	EndGlobalSection
	GlobalSection(ExtensibilityGlobals) = postSolution
		SolutionGuid = {678D6CCF-8046-441E-85A1-AD7D4BDF0AC6}
	EndGlobalSection
EndGlobal
